// !$*UTF8*$!
{
	archiveVersion = 1;
	classes = {
	};
	objectVersion = 56;
	objects = {

/* Begin PBXBuildFile section */
		7E15AE5B2B90C9B60064BC1C /* RocketListView.swift in Sources */ = {isa = PBXBuildFile; fileRef = 7E15AE5A2B90C9B60064BC1C /* RocketListView.swift */; };
		7E15AE5D2B90C9B90064BC1C /* RocketListViewModel.swift in Sources */ = {isa = PBXBuildFile; fileRef = 7E15AE5C2B90C9B90064BC1C /* RocketListViewModel.swift */; };
		7E15AE602B90D5170064BC1C /* RocketDetail in Frameworks */ = {isa = PBXBuildFile; productRef = 7E15AE5F2B90D5170064BC1C /* RocketDetail */; };
		7E59C8D72B8794E600EC442C /* RocketApp.swift in Sources */ = {isa = PBXBuildFile; fileRef = 7E59C8D62B8794E600EC442C /* RocketApp.swift */; };
		7E59C8DB2B8794E800EC442C /* Assets.xcassets in Resources */ = {isa = PBXBuildFile; fileRef = 7E59C8DA2B8794E800EC442C /* Assets.xcassets */; };
		7E59C8DE2B8794E800EC442C /* Preview Assets.xcassets in Resources */ = {isa = PBXBuildFile; fileRef = 7E59C8DD2B8794E800EC442C /* Preview Assets.xcassets */; };
		7E59C8E52B87966D00EC442C /* XCAssets+Generated.swift in Sources */ = {isa = PBXBuildFile; fileRef = 7E59C8E42B87966D00EC442C /* XCAssets+Generated.swift */; };
		7E59C8ED2B87ABB900EC442C /* RocketToolkit in Frameworks */ = {isa = PBXBuildFile; productRef = 7E59C8EC2B87ABB900EC442C /* RocketToolkit */; };
		7E59C8EF2B87ABBC00EC442C /* SharedDomain in Frameworks */ = {isa = PBXBuildFile; productRef = 7E59C8EE2B87ABBC00EC442C /* SharedDomain */; };
		7E88DFFD2B90B83800C85AE7 /* MainFlow.swift in Sources */ = {isa = PBXBuildFile; fileRef = 7E88DFFC2B90B83800C85AE7 /* MainFlow.swift */; };
		7E88DFFF2B90B84D00C85AE7 /* UIToolkit in Frameworks */ = {isa = PBXBuildFile; productRef = 7E88DFFE2B90B84D00C85AE7 /* UIToolkit */; };
		7E88E0012B90B9AA00C85AE7 /* MainFlowController.swift in Sources */ = {isa = PBXBuildFile; fileRef = 7E88E0002B90B9AA00C85AE7 /* MainFlowController.swift */; };
		7E88E0032B90B9D700C85AE7 /* MainFlowView.swift in Sources */ = {isa = PBXBuildFile; fileRef = 7E88E0022B90B9D700C85AE7 /* MainFlowView.swift */; };
		7EA4B7C72B90A33200373E61 /* SharedDomainMocks in Frameworks */ = {isa = PBXBuildFile; productRef = 7EA4B7C62B90A33200373E61 /* SharedDomainMocks */; };
		7EA4B7CA2B90AA0800373E61 /* Resolver in Frameworks */ = {isa = PBXBuildFile; productRef = 7EA4B7C92B90AA0800373E61 /* Resolver */; };
		7EA4B7CC2B90AA0800373E61 /* Resolver-Static in Frameworks */ = {isa = PBXBuildFile; productRef = 7EA4B7CB2B90AA0800373E61 /* Resolver-Static */; };
		7EA4B7D02B90AA4600373E61 /* UseCase+Injection.swift in Sources */ = {isa = PBXBuildFile; fileRef = 7EA4B7CF2B90AA4600373E61 /* UseCase+Injection.swift */; };
		7EA4B7D22B90AB0800373E61 /* Repositories+Injection.swift in Sources */ = {isa = PBXBuildFile; fileRef = 7EA4B7D12B90AB0800373E61 /* Repositories+Injection.swift */; };
/* End PBXBuildFile section */

/* Begin PBXFileReference section */
		7E15AE5A2B90C9B60064BC1C /* RocketListView.swift */ = {isa = PBXFileReference; lastKnownFileType = sourcecode.swift; path = RocketListView.swift; sourceTree = "<group>"; };
		7E15AE5C2B90C9B90064BC1C /* RocketListViewModel.swift */ = {isa = PBXFileReference; lastKnownFileType = sourcecode.swift; path = RocketListViewModel.swift; sourceTree = "<group>"; };
		7E15AE5E2B90CB820064BC1C /* RocketDetail */ = {isa = PBXFileReference; lastKnownFileType = wrapper; path = RocketDetail; sourceTree = "<group>"; };
		7E59C8D32B8794E600EC442C /* Rocket.app */ = {isa = PBXFileReference; explicitFileType = wrapper.application; includeInIndex = 0; path = Rocket.app; sourceTree = BUILT_PRODUCTS_DIR; };
		7E59C8D62B8794E600EC442C /* RocketApp.swift */ = {isa = PBXFileReference; lastKnownFileType = sourcecode.swift; path = RocketApp.swift; sourceTree = "<group>"; };
		7E59C8D82B8794E600EC442C /* ContentView.swift */ = {isa = PBXFileReference; lastKnownFileType = sourcecode.swift; path = ContentView.swift; sourceTree = "<group>"; };
		7E59C8DA2B8794E800EC442C /* Assets.xcassets */ = {isa = PBXFileReference; lastKnownFileType = folder.assetcatalog; path = Assets.xcassets; sourceTree = "<group>"; };
		7E59C8DD2B8794E800EC442C /* Preview Assets.xcassets */ = {isa = PBXFileReference; lastKnownFileType = folder.assetcatalog; path = "Preview Assets.xcassets"; sourceTree = "<group>"; };
		7E59C8E42B87966D00EC442C /* XCAssets+Generated.swift */ = {isa = PBXFileReference; fileEncoding = 4; lastKnownFileType = sourcecode.swift; name = "XCAssets+Generated.swift"; path = "Rocket/XCAssets+Generated.swift"; sourceTree = SOURCE_ROOT; };
		7E59C8E72B8798DC00EC442C /* SharedDomain */ = {isa = PBXFileReference; lastKnownFileType = wrapper; path = SharedDomain; sourceTree = "<group>"; };
		7E59C8EA2B87A75D00EC442C /* RocketToolkit */ = {isa = PBXFileReference; lastKnownFileType = wrapper; path = RocketToolkit; sourceTree = "<group>"; };
		7E88DFFB2B90AFAB00C85AE7 /* UIToolkit */ = {isa = PBXFileReference; lastKnownFileType = wrapper; name = UIToolkit; path = Rocket/DataLayer/Toolkits/UIToolkit; sourceTree = SOURCE_ROOT; };
		7EA4B7CF2B90AA4600373E61 /* UseCase+Injection.swift */ = {isa = PBXFileReference; lastKnownFileType = sourcecode.swift; path = "UseCase+Injection.swift"; sourceTree = "<group>"; };
		7EA4B7D12B90AB0800373E61 /* Repositories+Injection.swift */ = {isa = PBXFileReference; lastKnownFileType = sourcecode.swift; path = "Repositories+Injection.swift"; sourceTree = "<group>"; };
/* End PBXFileReference section */

/* Begin PBXFrameworksBuildPhase section */
		7E59C8D02B8794E600EC442C /* Frameworks */ = {
			isa = PBXFrameworksBuildPhase;
			buildActionMask = 2147483647;
			files = (
				7EA4B7C72B90A33200373E61 /* SharedDomainMocks in Frameworks */,
				7E59C8ED2B87ABB900EC442C /* RocketToolkit in Frameworks */,
				7EA4B7CA2B90AA0800373E61 /* Resolver in Frameworks */,
				7EA4B7CC2B90AA0800373E61 /* Resolver-Static in Frameworks */,
				7E59C8EF2B87ABBC00EC442C /* SharedDomain in Frameworks */,
				7E88DFFF2B90B84D00C85AE7 /* UIToolkit in Frameworks */,
				7E15AE602B90D5170064BC1C /* RocketDetail in Frameworks */,
			);
			runOnlyForDeploymentPostprocessing = 0;
		};
/* End PBXFrameworksBuildPhase section */

/* Begin PBXGroup section */
		7E59C8CA2B8794E500EC442C = {
			isa = PBXGroup;
			children = (
				7E59C8D52B8794E600EC442C /* Rocket */,
				7E59C8D42B8794E600EC442C /* Products */,
				7E59C8EB2B87ABB900EC442C /* Frameworks */,
			);
			sourceTree = "<group>";
		};
		7E59C8D42B8794E600EC442C /* Products */ = {
			isa = PBXGroup;
			children = (
				7E59C8D32B8794E600EC442C /* Rocket.app */,
			);
			name = Products;
			sourceTree = "<group>";
		};
		7E59C8D52B8794E600EC442C /* Rocket */ = {
			isa = PBXGroup;
			children = (
				7EA4B7CD2B90AA2800373E61 /* Application */,
				7E59C8D82B8794E600EC442C /* ContentView.swift */,
				7E59C8DA2B8794E800EC442C /* Assets.xcassets */,
				7E59C8E42B87966D00EC442C /* XCAssets+Generated.swift */,
				7E88DFFA2B90AF8900C85AE7 /* PresentationLayer */,
				7E59C8E62B8798B000EC442C /* DomainLayer */,
				7E59C8E82B87A6DD00EC442C /* DataLayer */,
				7E59C8DC2B8794E800EC442C /* Preview Content */,
			);
			path = Rocket;
			sourceTree = "<group>";
		};
		7E59C8DC2B8794E800EC442C /* Preview Content */ = {
			isa = PBXGroup;
			children = (
				7E59C8DD2B8794E800EC442C /* Preview Assets.xcassets */,
			);
			path = "Preview Content";
			sourceTree = "<group>";
		};
		7E59C8E62B8798B000EC442C /* DomainLayer */ = {
			isa = PBXGroup;
			children = (
				7E59C8E72B8798DC00EC442C /* SharedDomain */,
			);
			path = DomainLayer;
			sourceTree = "<group>";
		};
		7E59C8E82B87A6DD00EC442C /* DataLayer */ = {
			isa = PBXGroup;
			children = (
				7E59C8E92B87A74500EC442C /* Toolkits */,
			);
			path = DataLayer;
			sourceTree = "<group>";
		};
		7E59C8E92B87A74500EC442C /* Toolkits */ = {
			isa = PBXGroup;
			children = (
				7E59C8EA2B87A75D00EC442C /* RocketToolkit */,
			);
			path = Toolkits;
			sourceTree = "<group>";
		};
		7E59C8EB2B87ABB900EC442C /* Frameworks */ = {
			isa = PBXGroup;
			children = (
			);
			name = Frameworks;
			sourceTree = "<group>";
		};
		7E88DFFA2B90AF8900C85AE7 /* PresentationLayer */ = {
			isa = PBXGroup;
			children = (
				7E15AE5E2B90CB820064BC1C /* RocketDetail */,
				7E88DFFB2B90AFAB00C85AE7 /* UIToolkit */,
			);
			path = PresentationLayer;
			sourceTree = "<group>";
		};
		7EA4B7CD2B90AA2800373E61 /* Application */ = {
			isa = PBXGroup;
			children = (
				7EA4B7CE2B90AA2F00373E61 /* DependencyInjection */,
				7E59C8D62B8794E600EC442C /* RocketApp.swift */,
			);
			path = Application;
			sourceTree = "<group>";
		};
		7EA4B7CE2B90AA2F00373E61 /* DependencyInjection */ = {
			isa = PBXGroup;
			children = (
				7EA4B7CF2B90AA4600373E61 /* UseCase+Injection.swift */,
				7EA4B7D12B90AB0800373E61 /* Repositories+Injection.swift */,
			);
			path = DependencyInjection;
			sourceTree = "<group>";
		};
/* End PBXGroup section */

/* Begin PBXNativeTarget section */
		7E59C8D22B8794E600EC442C /* Rocket */ = {
			isa = PBXNativeTarget;
			buildConfigurationList = 7E59C8E12B8794E800EC442C /* Build configuration list for PBXNativeTarget "Rocket" */;
			buildPhases = (
				7E59C8CF2B8794E600EC442C /* Sources */,
				7E59C8D02B8794E600EC442C /* Frameworks */,
				7E59C8D12B8794E600EC442C /* Resources */,
			);
			buildRules = (
			);
			dependencies = (
			);
			name = Rocket;
			packageProductDependencies = (
				7E59C8EC2B87ABB900EC442C /* RocketToolkit */,
				7E59C8EE2B87ABBC00EC442C /* SharedDomain */,
				7EA4B7C62B90A33200373E61 /* SharedDomainMocks */,
				7EA4B7C92B90AA0800373E61 /* Resolver */,
				7EA4B7CB2B90AA0800373E61 /* Resolver-Static */,
				7E88DFFE2B90B84D00C85AE7 /* UIToolkit */,
				7E15AE5F2B90D5170064BC1C /* RocketDetail */,
			);
			productName = Rocket;
			productReference = 7E59C8D32B8794E600EC442C /* Rocket.app */;
			productType = "com.apple.product-type.application";
		};
/* End PBXNativeTarget section */

/* Begin PBXProject section */
		7E59C8CB2B8794E500EC442C /* Project object */ = {
			isa = PBXProject;
			attributes = {
				BuildIndependentTargetsInParallel = 1;
				LastSwiftUpdateCheck = 1530;
				LastUpgradeCheck = 1530;
				TargetAttributes = {
					7E59C8D22B8794E600EC442C = {
						CreatedOnToolsVersion = 15.3;
					};
				};
			};
			buildConfigurationList = 7E59C8CE2B8794E600EC442C /* Build configuration list for PBXProject "Rocket" */;
			compatibilityVersion = "Xcode 14.0";
			developmentRegion = en;
			hasScannedForEncodings = 0;
			knownRegions = (
				en,
				Base,
			);
			mainGroup = 7E59C8CA2B8794E500EC442C;
			packageReferences = (
				7EA4B7C82B90AA0800373E61 /* XCRemoteSwiftPackageReference "Resolver" */,
			);
			productRefGroup = 7E59C8D42B8794E600EC442C /* Products */;
			projectDirPath = "";
			projectRoot = "";
			targets = (
				7E59C8D22B8794E600EC442C /* Rocket */,
			);
		};
/* End PBXProject section */

/* Begin PBXResourcesBuildPhase section */
		7E59C8D12B8794E600EC442C /* Resources */ = {
			isa = PBXResourcesBuildPhase;
			buildActionMask = 2147483647;
			files = (
				7E59C8DE2B8794E800EC442C /* Preview Assets.xcassets in Resources */,
				7E59C8DB2B8794E800EC442C /* Assets.xcassets in Resources */,
			);
			runOnlyForDeploymentPostprocessing = 0;
		};
/* End PBXResourcesBuildPhase section */

/* Begin PBXSourcesBuildPhase section */
		7E59C8CF2B8794E600EC442C /* Sources */ = {
			isa = PBXSourcesBuildPhase;
			buildActionMask = 2147483647;
			files = (
				7EA4B7D22B90AB0800373E61 /* Repositories+Injection.swift in Sources */,
				7E59C8E52B87966D00EC442C /* XCAssets+Generated.swift in Sources */,
				7E88DFFD2B90B83800C85AE7 /* MainFlow.swift in Sources */,
				7EA4B7D02B90AA4600373E61 /* UseCase+Injection.swift in Sources */,
				7E88E0032B90B9D700C85AE7 /* MainFlowView.swift in Sources */,
				7E88E0012B90B9AA00C85AE7 /* MainFlowController.swift in Sources */,
				7E15AE5B2B90C9B60064BC1C /* RocketListView.swift in Sources */,
				7E15AE5D2B90C9B90064BC1C /* RocketListViewModel.swift in Sources */,
				7E59C8D72B8794E600EC442C /* RocketApp.swift in Sources */,
			);
			runOnlyForDeploymentPostprocessing = 0;
		};
/* End PBXSourcesBuildPhase section */

/* Begin XCBuildConfiguration section */
		7E59C8DF2B8794E800EC442C /* Debug */ = {
			isa = XCBuildConfiguration;
			buildSettings = {
				ALWAYS_SEARCH_USER_PATHS = NO;
				ASSETCATALOG_COMPILER_GENERATE_SWIFT_ASSET_SYMBOL_EXTENSIONS = YES;
				CLANG_ANALYZER_NONNULL = YES;
				CLANG_ANALYZER_NUMBER_OBJECT_CONVERSION = YES_AGGRESSIVE;
				CLANG_CXX_LANGUAGE_STANDARD = "gnu++20";
				CLANG_ENABLE_MODULES = YES;
				CLANG_ENABLE_OBJC_ARC = YES;
				CLANG_ENABLE_OBJC_WEAK = YES;
				CLANG_WARN_BLOCK_CAPTURE_AUTORELEASING = YES;
				CLANG_WARN_BOOL_CONVERSION = YES;
				CLANG_WARN_COMMA = YES;
				CLANG_WARN_CONSTANT_CONVERSION = YES;
				CLANG_WARN_DEPRECATED_OBJC_IMPLEMENTATIONS = YES;
				CLANG_WARN_DIRECT_OBJC_ISA_USAGE = YES_ERROR;
				CLANG_WARN_DOCUMENTATION_COMMENTS = YES;
				CLANG_WARN_EMPTY_BODY = YES;
				CLANG_WARN_ENUM_CONVERSION = YES;
				CLANG_WARN_INFINITE_RECURSION = YES;
				CLANG_WARN_INT_CONVERSION = YES;
				CLANG_WARN_NON_LITERAL_NULL_CONVERSION = YES;
				CLANG_WARN_OBJC_IMPLICIT_RETAIN_SELF = YES;
				CLANG_WARN_OBJC_LITERAL_CONVERSION = YES;
				CLANG_WARN_OBJC_ROOT_CLASS = YES_ERROR;
				CLANG_WARN_QUOTED_INCLUDE_IN_FRAMEWORK_HEADER = YES;
				CLANG_WARN_RANGE_LOOP_ANALYSIS = YES;
				CLANG_WARN_STRICT_PROTOTYPES = YES;
				CLANG_WARN_SUSPICIOUS_MOVE = YES;
				CLANG_WARN_UNGUARDED_AVAILABILITY = YES_AGGRESSIVE;
				CLANG_WARN_UNREACHABLE_CODE = YES;
				CLANG_WARN__DUPLICATE_METHOD_MATCH = YES;
				COPY_PHASE_STRIP = NO;
				DEBUG_INFORMATION_FORMAT = dwarf;
				ENABLE_STRICT_OBJC_MSGSEND = YES;
				ENABLE_TESTABILITY = YES;
				ENABLE_USER_SCRIPT_SANDBOXING = YES;
				GCC_C_LANGUAGE_STANDARD = gnu17;
				GCC_DYNAMIC_NO_PIC = NO;
				GCC_NO_COMMON_BLOCKS = YES;
				GCC_OPTIMIZATION_LEVEL = 0;
				GCC_PREPROCESSOR_DEFINITIONS = (
					"DEBUG=1",
					"$(inherited)",
				);
				GCC_WARN_64_TO_32_BIT_CONVERSION = YES;
				GCC_WARN_ABOUT_RETURN_TYPE = YES_ERROR;
				GCC_WARN_UNDECLARED_SELECTOR = YES;
				GCC_WARN_UNINITIALIZED_AUTOS = YES_AGGRESSIVE;
				GCC_WARN_UNUSED_FUNCTION = YES;
				GCC_WARN_UNUSED_VARIABLE = YES;
				IPHONEOS_DEPLOYMENT_TARGET = 17.4;
				LOCALIZATION_PREFERS_STRING_CATALOGS = YES;
				MTL_ENABLE_DEBUG_INFO = INCLUDE_SOURCE;
				MTL_FAST_MATH = YES;
				ONLY_ACTIVE_ARCH = YES;
				SDKROOT = iphoneos;
				SWIFT_ACTIVE_COMPILATION_CONDITIONS = "DEBUG $(inherited)";
				SWIFT_OPTIMIZATION_LEVEL = "-Onone";
			};
			name = Debug;
		};
		7E59C8E02B8794E800EC442C /* Release */ = {
			isa = XCBuildConfiguration;
			buildSettings = {
				ALWAYS_SEARCH_USER_PATHS = NO;
				ASSETCATALOG_COMPILER_GENERATE_SWIFT_ASSET_SYMBOL_EXTENSIONS = YES;
				CLANG_ANALYZER_NONNULL = YES;
				CLANG_ANALYZER_NUMBER_OBJECT_CONVERSION = YES_AGGRESSIVE;
				CLANG_CXX_LANGUAGE_STANDARD = "gnu++20";
				CLANG_ENABLE_MODULES = YES;
				CLANG_ENABLE_OBJC_ARC = YES;
				CLANG_ENABLE_OBJC_WEAK = YES;
				CLANG_WARN_BLOCK_CAPTURE_AUTORELEASING = YES;
				CLANG_WARN_BOOL_CONVERSION = YES;
				CLANG_WARN_COMMA = YES;
				CLANG_WARN_CONSTANT_CONVERSION = YES;
				CLANG_WARN_DEPRECATED_OBJC_IMPLEMENTATIONS = YES;
				CLANG_WARN_DIRECT_OBJC_ISA_USAGE = YES_ERROR;
				CLANG_WARN_DOCUMENTATION_COMMENTS = YES;
				CLANG_WARN_EMPTY_BODY = YES;
				CLANG_WARN_ENUM_CONVERSION = YES;
				CLANG_WARN_INFINITE_RECURSION = YES;
				CLANG_WARN_INT_CONVERSION = YES;
				CLANG_WARN_NON_LITERAL_NULL_CONVERSION = YES;
				CLANG_WARN_OBJC_IMPLICIT_RETAIN_SELF = YES;
				CLANG_WARN_OBJC_LITERAL_CONVERSION = YES;
				CLANG_WARN_OBJC_ROOT_CLASS = YES_ERROR;
				CLANG_WARN_QUOTED_INCLUDE_IN_FRAMEWORK_HEADER = YES;
				CLANG_WARN_RANGE_LOOP_ANALYSIS = YES;
				CLANG_WARN_STRICT_PROTOTYPES = YES;
				CLANG_WARN_SUSPICIOUS_MOVE = YES;
				CLANG_WARN_UNGUARDED_AVAILABILITY = YES_AGGRESSIVE;
				CLANG_WARN_UNREACHABLE_CODE = YES;
				CLANG_WARN__DUPLICATE_METHOD_MATCH = YES;
				COPY_PHASE_STRIP = NO;
				DEBUG_INFORMATION_FORMAT = "dwarf-with-dsym";
				ENABLE_NS_ASSERTIONS = NO;
				ENABLE_STRICT_OBJC_MSGSEND = YES;
				ENABLE_USER_SCRIPT_SANDBOXING = YES;
				GCC_C_LANGUAGE_STANDARD = gnu17;
				GCC_NO_COMMON_BLOCKS = YES;
				GCC_WARN_64_TO_32_BIT_CONVERSION = YES;
				GCC_WARN_ABOUT_RETURN_TYPE = YES_ERROR;
				GCC_WARN_UNDECLARED_SELECTOR = YES;
				GCC_WARN_UNINITIALIZED_AUTOS = YES_AGGRESSIVE;
				GCC_WARN_UNUSED_FUNCTION = YES;
				GCC_WARN_UNUSED_VARIABLE = YES;
				IPHONEOS_DEPLOYMENT_TARGET = 17.4;
				LOCALIZATION_PREFERS_STRING_CATALOGS = YES;
				MTL_ENABLE_DEBUG_INFO = NO;
				MTL_FAST_MATH = YES;
				SDKROOT = iphoneos;
				SWIFT_COMPILATION_MODE = wholemodule;
				VALIDATE_PRODUCT = YES;
			};
			name = Release;
		};
		7E59C8E22B8794E800EC442C /* Debug */ = {
			isa = XCBuildConfiguration;
			buildSettings = {
				ASSETCATALOG_COMPILER_APPICON_NAME = AppIcon;
				ASSETCATALOG_COMPILER_GLOBAL_ACCENT_COLOR_NAME = AccentColor;
				CODE_SIGN_STYLE = Automatic;
				CURRENT_PROJECT_VERSION = 1;
				DEVELOPMENT_ASSET_PATHS = "\"Rocket/Preview Content\"";
				DEVELOPMENT_TEAM = 65227LBZMF;
				ENABLE_PREVIEWS = YES;
				GENERATE_INFOPLIST_FILE = YES;
				INFOPLIST_KEY_UIApplicationSceneManifest_Generation = YES;
				INFOPLIST_KEY_UIApplicationSupportsIndirectInputEvents = YES;
				INFOPLIST_KEY_UILaunchScreen_Generation = YES;
				INFOPLIST_KEY_UISupportedInterfaceOrientations_iPad = "UIInterfaceOrientationPortrait UIInterfaceOrientationPortraitUpsideDown UIInterfaceOrientationLandscapeLeft UIInterfaceOrientationLandscapeRight";
				INFOPLIST_KEY_UISupportedInterfaceOrientations_iPhone = "UIInterfaceOrientationPortrait UIInterfaceOrientationLandscapeLeft UIInterfaceOrientationLandscapeRight";
				LD_RUNPATH_SEARCH_PATHS = (
					"$(inherited)",
					"@executable_path/Frameworks",
				);
				MARKETING_VERSION = 1.0;
				PRODUCT_BUNDLE_IDENTIFIER = cz.matuska.Rocket;
				PRODUCT_NAME = "$(TARGET_NAME)";
				SWIFT_EMIT_LOC_STRINGS = YES;
				SWIFT_VERSION = 5.0;
				TARGETED_DEVICE_FAMILY = "1,2";
			};
			name = Debug;
		};
		7E59C8E32B8794E800EC442C /* Release */ = {
			isa = XCBuildConfiguration;
			buildSettings = {
				ASSETCATALOG_COMPILER_APPICON_NAME = AppIcon;
				ASSETCATALOG_COMPILER_GLOBAL_ACCENT_COLOR_NAME = AccentColor;
				CODE_SIGN_STYLE = Automatic;
				CURRENT_PROJECT_VERSION = 1;
				DEVELOPMENT_ASSET_PATHS = "\"Rocket/Preview Content\"";
				DEVELOPMENT_TEAM = 65227LBZMF;
				ENABLE_PREVIEWS = YES;
				GENERATE_INFOPLIST_FILE = YES;
				INFOPLIST_KEY_UIApplicationSceneManifest_Generation = YES;
				INFOPLIST_KEY_UIApplicationSupportsIndirectInputEvents = YES;
				INFOPLIST_KEY_UILaunchScreen_Generation = YES;
				INFOPLIST_KEY_UISupportedInterfaceOrientations_iPad = "UIInterfaceOrientationPortrait UIInterfaceOrientationPortraitUpsideDown UIInterfaceOrientationLandscapeLeft UIInterfaceOrientationLandscapeRight";
				INFOPLIST_KEY_UISupportedInterfaceOrientations_iPhone = "UIInterfaceOrientationPortrait UIInterfaceOrientationLandscapeLeft UIInterfaceOrientationLandscapeRight";
				LD_RUNPATH_SEARCH_PATHS = (
					"$(inherited)",
					"@executable_path/Frameworks",
				);
				MARKETING_VERSION = 1.0;
				PRODUCT_BUNDLE_IDENTIFIER = cz.matuska.Rocket;
				PRODUCT_NAME = "$(TARGET_NAME)";
				SWIFT_EMIT_LOC_STRINGS = YES;
				SWIFT_VERSION = 5.0;
				TARGETED_DEVICE_FAMILY = "1,2";
			};
			name = Release;
		};
/* End XCBuildConfiguration section */

/* Begin XCConfigurationList section */
		7E59C8CE2B8794E600EC442C /* Build configuration list for PBXProject "Rocket" */ = {
			isa = XCConfigurationList;
			buildConfigurations = (
				7E59C8DF2B8794E800EC442C /* Debug */,
				7E59C8E02B8794E800EC442C /* Release */,
			);
			defaultConfigurationIsVisible = 0;
			defaultConfigurationName = Release;
		};
		7E59C8E12B8794E800EC442C /* Build configuration list for PBXNativeTarget "Rocket" */ = {
			isa = XCConfigurationList;
			buildConfigurations = (
				7E59C8E22B8794E800EC442C /* Debug */,
				7E59C8E32B8794E800EC442C /* Release */,
			);
			defaultConfigurationIsVisible = 0;
			defaultConfigurationName = Release;
		};
/* End XCConfigurationList section */

/* Begin XCRemoteSwiftPackageReference section */
		7EA4B7C82B90AA0800373E61 /* XCRemoteSwiftPackageReference "Resolver" */ = {
			isa = XCRemoteSwiftPackageReference;
			repositoryURL = "https://github.com/hmlongco/Resolver.git";
			requirement = {
				kind = upToNextMajorVersion;
				minimumVersion = 1.5.0;
			};
		};
/* End XCRemoteSwiftPackageReference section */

/* Begin XCSwiftPackageProductDependency section */
		7E15AE5F2B90D5170064BC1C /* RocketDetail */ = {
			isa = XCSwiftPackageProductDependency;
			productName = RocketDetail;
		};
		7E59C8EC2B87ABB900EC442C /* RocketToolkit */ = {
			isa = XCSwiftPackageProductDependency;
			productName = RocketToolkit;
		};
		7E59C8EE2B87ABBC00EC442C /* SharedDomain */ = {
			isa = XCSwiftPackageProductDependency;
			productName = SharedDomain;
		};
		7E88DFFE2B90B84D00C85AE7 /* UIToolkit */ = {
			isa = XCSwiftPackageProductDependency;
			productName = UIToolkit;
		};
		7EA4B7C62B90A33200373E61 /* SharedDomainMocks */ = {
			isa = XCSwiftPackageProductDependency;
			productName = SharedDomainMocks;
		};
		7EA4B7C92B90AA0800373E61 /* Resolver */ = {
			isa = XCSwiftPackageProductDependency;
			package = 7EA4B7C82B90AA0800373E61 /* XCRemoteSwiftPackageReference "Resolver" */;
			productName = Resolver;
		};
		7EA4B7CB2B90AA0800373E61 /* Resolver-Static */ = {
			isa = XCSwiftPackageProductDependency;
			package = 7EA4B7C82B90AA0800373E61 /* XCRemoteSwiftPackageReference "Resolver" */;
			productName = "Resolver-Static";
		};
/* End XCSwiftPackageProductDependency section */
	};
	rootObject = 7E59C8CB2B8794E500EC442C /* Project object */;
}
